
Microsoft Visual Studio Solution File, Format Version 12.00
# Visual Studio 15
Project("{FAE04EC0-301F-11D3-BF4B-00C04F79EFBC}") = "Assembly-CSharp", "Assembly-CSharp.csproj", "{F3FFDD73-2215-F498-96DF-82325EF24741}"
EndProject
Project("{FAE04EC0-301F-11D3-BF4B-00C04F79EFBC}") = "Assembly-CSharp-Editor", "Assembly-CSharp-Editor.csproj", "{87F34944-7AB9-DAE9-3E26-28098D14A2A8}"
EndProject
Global
	GlobalSection(SolutionConfigurationPlatforms) = preSolution
		Debug|Any CPU = Debug|Any CPU
		Release|Any CPU = Release|Any CPU
	EndGlobalSection
	GlobalSection(ProjectConfigurationPlatforms) = postSolution
		{F3FFDD73-2215-F498-96DF-82325EF24741}.Debug|Any CPU.ActiveCfg = Debug|Any CPU
		{F3FFDD73-2215-F498-96DF-82325EF24741}.Debug|Any CPU.Build.0 = Debug|Any CPU
		{F3FFDD73-2215-F498-96DF-82325EF24741}.Release|Any CPU.ActiveCfg = Release|Any CPU
		{F3FFDD73-2215-F498-96DF-82325EF24741}.Release|Any CPU.Build.0 = Release|Any CPU
		{87F34944-7AB9-DAE9-3E26-28098D14A2A8}.Debug|Any CPU.ActiveCfg = Debug|Any CPU
		{87F34944-7AB9-DAE9-3E26-28098D14A2A8}.Debug|Any CPU.Build.0 = Debug|Any CPU
		{87F34944-7AB9-DAE9-3E26-28098D14A2A8}.Release|Any CPU.ActiveCfg = Release|Any CPU
		{87F34944-7AB9-DAE9-3E26-28098D14A2A8}.Release|Any CPU.Build.0 = Release|Any CPU
	EndGlobalSection
	GlobalSection(SolutionProperties) = preSolution
		HideSolutionNode = FALSE
	EndGlobalSection
EndGlobal
